
Microsoft Visual Studio Solution File, Format Version 12.00
# Visual Studio Version 17
VisualStudioVersion = 17.0.31903.59
MinimumVisualStudioVersion = 10.0.40219.1
Project("{2150E333-8FDC-42A3-9474-1A3956D46DE8}") = "src", "src", "{8103C7F0-75D5-4972-849D-07BC7B3F078F}"
EndProject
Project("{FAE04EC0-301F-11D3-BF4B-00C04F79EFBC}") = "VDS.Contracts", "src\VDS.Contracts\VDS.Contracts.csproj", "{D7BA89B9-D440-47D6-BDFF-D50735170190}"
EndProject
Project("{FAE04EC0-301F-11D3-BF4B-00C04F79EFBC}") = "VDS.Core", "src\VDS.Core\VDS.Core.csproj", "{0D02B656-B382-4463-8570-116CFCC42657}"
EndProject
Project("{FAE04EC0-301F-11D3-BF4B-00C04F79EFBC}") = "VDS.Infrastructure", "src\VDS.Infrastructure\VDS.Infrastructure.csproj", "{3EA8F354-D450-4781-BB8D-CA4420182201}"
EndProject
Project("{FAE04EC0-301F-11D3-BF4B-00C04F79EFBC}") = "VDS.Worker", "src\VDS.Worker\VDS.Worker.csproj", "{BD25436E-CAA2-493F-B609-51A38EF8E95C}"
EndProject
Project("{FAE04EC0-301F-11D3-BF4B-00C04F79EFBC}") = "VDS.Blazor", "src\VDS.Blazor\VDS.Blazor.csproj", "{0ABFBC8B-C702-42E1-BB20-39A31930C326}"
EndProject
Project("{2150E333-8FDC-42A3-9474-1A3956D46DE8}") = "tests", "tests", "{C00D38BC-906D-41A4-B9C4-453098D4A05E}"
EndProject
Project("{FAE04EC0-301F-11D3-BF4B-00C04F79EFBC}") = "VDS.Tests", "tests\VDS.Tests\VDS.Tests.csproj", "{3C28CACF-0C2B-4C99-9055-5794470611C6}"
EndProject
Global
	GlobalSection(SolutionConfigurationPlatforms) = preSolution
		Debug|Any CPU = Debug|Any CPU
		Release|Any CPU = Release|Any CPU
	EndGlobalSection
	GlobalSection(SolutionProperties) = preSolution
		HideSolutionNode = FALSE
	EndGlobalSection
	GlobalSection(ProjectConfigurationPlatforms) = postSolution
		{D7BA89B9-D440-47D6-BDFF-D50735170190}.Debug|Any CPU.ActiveCfg = Debug|Any CPU
		{D7BA89B9-D440-47D6-BDFF-D50735170190}.Debug|Any CPU.Build.0 = Debug|Any CPU
		{D7BA89B9-D440-47D6-BDFF-D50735170190}.Release|Any CPU.ActiveCfg = Release|Any CPU
		{D7BA89B9-D440-47D6-BDFF-D50735170190}.Release|Any CPU.Build.0 = Release|Any CPU
		{0D02B656-B382-4463-8570-116CFCC42657}.Debug|Any CPU.ActiveCfg = Debug|Any CPU
		{0D02B656-B382-4463-8570-116CFCC42657}.Debug|Any CPU.Build.0 = Debug|Any CPU
		{0D02B656-B382-4463-8570-116CFCC42657}.Release|Any CPU.ActiveCfg = Release|Any CPU
		{0D02B656-B382-4463-8570-116CFCC42657}.Release|Any CPU.Build.0 = Release|Any CPU
		{3EA8F354-D450-4781-BB8D-CA4420182201}.Debug|Any CPU.ActiveCfg = Debug|Any CPU
		{3EA8F354-D450-4781-BB8D-CA4420182201}.Debug|Any CPU.Build.0 = Debug|Any CPU
		{3EA8F354-D450-4781-BB8D-CA4420182201}.Release|Any CPU.ActiveCfg = Release|Any CPU
		{3EA8F354-D450-4781-BB8D-CA4420182201}.Release|Any CPU.Build.0 = Release|Any CPU
		{BD25436E-CAA2-493F-B609-51A38EF8E95C}.Debug|Any CPU.ActiveCfg = Debug|Any CPU
		{BD25436E-CAA2-493F-B609-51A38EF8E95C}.Debug|Any CPU.Build.0 = Debug|Any CPU
		{BD25436E-CAA2-493F-B609-51A38EF8E95C}.Release|Any CPU.ActiveCfg = Release|Any CPU
		{BD25436E-CAA2-493F-B609-51A38EF8E95C}.Release|Any CPU.Build.0 = Release|Any CPU
		{0ABFBC8B-C702-42E1-BB20-39A31930C326}.Debug|Any CPU.ActiveCfg = Debug|Any CPU
		{0ABFBC8B-C702-42E1-BB20-39A31930C326}.Debug|Any CPU.Build.0 = Debug|Any CPU
		{0ABFBC8B-C702-42E1-BB20-39A31930C326}.Release|Any CPU.ActiveCfg = Release|Any CPU
		{0ABFBC8B-C702-42E1-BB20-39A31930C326}.Release|Any CPU.Build.0 = Release|Any CPU
		{3C28CACF-0C2B-4C99-9055-5794470611C6}.Debug|Any CPU.ActiveCfg = Debug|Any CPU
		{3C28CACF-0C2B-4C99-9055-5794470611C6}.Debug|Any CPU.Build.0 = Debug|Any CPU
		{3C28CACF-0C2B-4C99-9055-5794470611C6}.Release|Any CPU.ActiveCfg = Release|Any CPU
		{3C28CACF-0C2B-4C99-9055-5794470611C6}.Release|Any CPU.Build.0 = Release|Any CPU
	EndGlobalSection
	GlobalSection(NestedProjects) = preSolution
		{D7BA89B9-D440-47D6-BDFF-D50735170190} = {8103C7F0-75D5-4972-849D-07BC7B3F078F}
		{0D02B656-B382-4463-8570-116CFCC42657} = {8103C7F0-75D5-4972-849D-07BC7B3F078F}
		{3EA8F354-D450-4781-BB8D-CA4420182201} = {8103C7F0-75D5-4972-849D-07BC7B3F078F}
		{BD25436E-CAA2-493F-B609-51A38EF8E95C} = {8103C7F0-75D5-4972-849D-07BC7B3F078F}
		{0ABFBC8B-C702-42E1-BB20-39A31930C326} = {8103C7F0-75D5-4972-849D-07BC7B3F078F}
		{3C28CACF-0C2B-4C99-9055-5794470611C6} = {C00D38BC-906D-41A4-B9C4-453098D4A05E}
	EndGlobalSection
EndGlobal
